
Microsoft Visual Studio Solution File, Format Version 12.00
# Visual Studio Version 16
VisualStudioVersion = 16.0.31515.178
MinimumVisualStudioVersion = 10.0.40219.1
Project("{FAE04EC0-301F-11D3-BF4B-00C04F79EFBC}") = "backpractice3", "backpractice3\backpractice3.csproj", "{3272268C-7B84-4047-BF8F-08F1FD799B62}"
EndProject
Global
	GlobalSection(SolutionConfigurationPlatforms) = preSolution
		Debug|Any CPU = Debug|Any CPU
		Release|Any CPU = Release|Any CPU
	EndGlobalSection
	GlobalSection(ProjectConfigurationPlatforms) = postSolution
		{3272268C-7B84-4047-BF8F-08F1FD799B62}.Debug|Any CPU.ActiveCfg = Debug|Any CPU
		{3272268C-7B84-4047-BF8F-08F1FD799B62}.Debug|Any CPU.Build.0 = Debug|Any CPU
		{3272268C-7B84-4047-BF8F-08F1FD799B62}.Release|Any CPU.ActiveCfg = Release|Any CPU
		{3272268C-7B84-4047-BF8F-08F1FD799B62}.Release|Any CPU.Build.0 = Release|Any CPU
	EndGlobalSection
	GlobalSection(SolutionProperties) = preSolution
		HideSolutionNode = FALSE
	EndGlobalSection
	GlobalSection(ExtensibilityGlobals) = postSolution
		SolutionGuid = {74B893E5-AFC9-43A2-9F74-D14BE1A78C5C}
	EndGlobalSection
EndGlobal
